// !$*UTF8*$!
{
	archiveVersion = 1;
	classes = {
	};
	objectVersion = 46;
	objects = {

/* Begin PBXBuildFile section */
		A80229711988B38400E82E71 /* Foundation.framework in Frameworks */ = {isa = PBXBuildFile; fileRef = A80229701988B38400E82E71 /* Foundation.framework */; };
		A80229731988B38400E82E71 /* CoreGraphics.framework in Frameworks */ = {isa = PBXBuildFile; fileRef = A80229721988B38400E82E71 /* CoreGraphics.framework */; };
		A80229751988B38400E82E71 /* UIKit.framework in Frameworks */ = {isa = PBXBuildFile; fileRef = A80229741988B38400E82E71 /* UIKit.framework */; };
		A80229771988B38400E82E71 /* CoreData.framework in Frameworks */ = {isa = PBXBuildFile; fileRef = A80229761988B38400E82E71 /* CoreData.framework */; };
		A802297D1988B38400E82E71 /* InfoPlist.strings in Resources */ = {isa = PBXBuildFile; fileRef = A802297B1988B38400E82E71 /* InfoPlist.strings */; };
		A802297F1988B38400E82E71 /* main.m in Sources */ = {isa = PBXBuildFile; fileRef = A802297E1988B38400E82E71 /* main.m */; };
		A80229831988B38400E82E71 /* BIDAppDelegate.m in Sources */ = {isa = PBXBuildFile; fileRef = A80229821988B38400E82E71 /* BIDAppDelegate.m */; };
		A80229861988B38400E82E71 /* Core_Data_Persistence.xcdatamodeld in Sources */ = {isa = PBXBuildFile; fileRef = A80229841988B38400E82E71 /* Core_Data_Persistence.xcdatamodeld */; };
		A80229881988B38400E82E71 /* Images.xcassets in Resources */ = {isa = PBXBuildFile; fileRef = A80229871988B38400E82E71 /* Images.xcassets */; };
		A802298F1988B38400E82E71 /* XCTest.framework in Frameworks */ = {isa = PBXBuildFile; fileRef = A802298E1988B38400E82E71 /* XCTest.framework */; };
		A80229901988B38400E82E71 /* Foundation.framework in Frameworks */ = {isa = PBXBuildFile; fileRef = A80229701988B38400E82E71 /* Foundation.framework */; };
		A80229911988B38400E82E71 /* UIKit.framework in Frameworks */ = {isa = PBXBuildFile; fileRef = A80229741988B38400E82E71 /* UIKit.framework */; };
		A80229921988B38400E82E71 /* CoreData.framework in Frameworks */ = {isa = PBXBuildFile; fileRef = A80229761988B38400E82E71 /* CoreData.framework */; };
		A802299A1988B38400E82E71 /* InfoPlist.strings in Resources */ = {isa = PBXBuildFile; fileRef = A80229981988B38400E82E71 /* InfoPlist.strings */; };
		A802299C1988B38400E82E71 /* Core_Data_PersistenceTests.m in Sources */ = {isa = PBXBuildFile; fileRef = A802299B1988B38400E82E71 /* Core_Data_PersistenceTests.m */; };
		A80229A81988B7F600E82E71 /* BIDViewController.m in Sources */ = {isa = PBXBuildFile; fileRef = A80229A61988B7F600E82E71 /* BIDViewController.m */; };
		A80229A91988B7F600E82E71 /* BIDViewController.xib in Resources */ = {isa = PBXBuildFile; fileRef = A80229A71988B7F600E82E71 /* BIDViewController.xib */; };
/* End PBXBuildFile section */

/* Begin PBXContainerItemProxy section */
		A80229931988B38400E82E71 /* PBXContainerItemProxy */ = {
			isa = PBXContainerItemProxy;
			containerPortal = A80229651988B38400E82E71 /* Project object */;
			proxyType = 1;
			remoteGlobalIDString = A802296C1988B38400E82E71;
			remoteInfo = "Core Data Persistence";
		};
/* End PBXContainerItemProxy section */

/* Begin PBXFileReference section */
		A802296D1988B38400E82E71 /* Core Data Persistence.app */ = {isa = PBXFileReference; explicitFileType = wrapper.application; includeInIndex = 0; path = "Core Data Persistence.app"; sourceTree = BUILT_PRODUCTS_DIR; };
		A80229701988B38400E82E71 /* Foundation.framework */ = {isa = PBXFileReference; lastKnownFileType = wrapper.framework; name = Foundation.framework; path = System/Library/Frameworks/Foundation.framework; sourceTree = SDKROOT; };
		A80229721988B38400E82E71 /* CoreGraphics.framework */ = {isa = PBXFileReference; lastKnownFileType = wrapper.framework; name = CoreGraphics.framework; path = System/Library/Frameworks/CoreGraphics.framework; sourceTree = SDKROOT; };
		A80229741988B38400E82E71 /* UIKit.framework */ = {isa = PBXFileReference; lastKnownFileType = wrapper.framework; name = UIKit.framework; path = System/Library/Frameworks/UIKit.framework; sourceTree = SDKROOT; };
		A80229761988B38400E82E71 /* CoreData.framework */ = {isa = PBXFileReference; lastKnownFileType = wrapper.framework; name = CoreData.framework; path = System/Library/Frameworks/CoreData.framework; sourceTree = SDKROOT; };
		A802297A1988B38400E82E71 /* Core Data Persistence-Info.plist */ = {isa = PBXFileReference; lastKnownFileType = text.plist.xml; path = "Core Data Persistence-Info.plist"; sourceTree = "<group>"; };
		A802297C1988B38400E82E71 /* en */ = {isa = PBXFileReference; lastKnownFileType = text.plist.strings; name = en; path = en.lproj/InfoPlist.strings; sourceTree = "<group>"; };
		A802297E1988B38400E82E71 /* main.m */ = {isa = PBXFileReference; lastKnownFileType = sourcecode.c.objc; path = main.m; sourceTree = "<group>"; };
		A80229801988B38400E82E71 /* Core Data Persistence-Prefix.pch */ = {isa = PBXFileReference; lastKnownFileType = sourcecode.c.h; path = "Core Data Persistence-Prefix.pch"; sourceTree = "<group>"; };
		A80229811988B38400E82E71 /* BIDAppDelegate.h */ = {isa = PBXFileReference; lastKnownFileType = sourcecode.c.h; path = BIDAppDelegate.h; sourceTree = "<group>"; };
		A80229821988B38400E82E71 /* BIDAppDelegate.m */ = {isa = PBXFileReference; lastKnownFileType = sourcecode.c.objc; path = BIDAppDelegate.m; sourceTree = "<group>"; };
		A80229851988B38400E82E71 /* Core_Data_Persistence.xcdatamodel */ = {isa = PBXFileReference; lastKnownFileType = wrapper.xcdatamodel; path = Core_Data_Persistence.xcdatamodel; sourceTree = "<group>"; };
		A80229871988B38400E82E71 /* Images.xcassets */ = {isa = PBXFileReference; lastKnownFileType = folder.assetcatalog; path = Images.xcassets; sourceTree = "<group>"; };
		A802298D1988B38400E82E71 /* Core Data PersistenceTests.xctest */ = {isa = PBXFileReference; explicitFileType = wrapper.cfbundle; includeInIndex = 0; path = "Core Data PersistenceTests.xctest"; sourceTree = BUILT_PRODUCTS_DIR; };
		A802298E1988B38400E82E71 /* XCTest.framework */ = {isa = PBXFileReference; lastKnownFileType = wrapper.framework; name = XCTest.framework; path = Library/Frameworks/XCTest.framework; sourceTree = DEVELOPER_DIR; };
		A80229971988B38400E82E71 /* Core Data PersistenceTests-Info.plist */ = {isa = PBXFileReference; lastKnownFileType = text.plist.xml; path = "Core Data PersistenceTests-Info.plist"; sourceTree = "<group>"; };
		A80229991988B38400E82E71 /* en */ = {isa = PBXFileReference; lastKnownFileType = text.plist.strings; name = en; path = en.lproj/InfoPlist.strings; sourceTree = "<group>"; };
		A802299B1988B38400E82E71 /* Core_Data_PersistenceTests.m */ = {isa = PBXFileReference; lastKnownFileType = sourcecode.c.objc; path = Core_Data_PersistenceTests.m; sourceTree = "<group>"; };
		A80229A51988B7F600E82E71 /* BIDViewController.h */ = {isa = PBXFileReference; fileEncoding = 4; lastKnownFileType = sourcecode.c.h; path = BIDViewController.h; sourceTree = "<group>"; };
		A80229A61988B7F600E82E71 /* BIDViewController.m */ = {isa = PBXFileReference; fileEncoding = 4; lastKnownFileType = sourcecode.c.objc; path = BIDViewController.m; sourceTree = "<group>"; };
		A80229A71988B7F600E82E71 /* BIDViewController.xib */ = {isa = PBXFileReference; fileEncoding = 4; lastKnownFileType = file.xib; path = BIDViewController.xib; sourceTree = "<group>"; };
/* End PBXFileReference section */

/* Begin PBXFrameworksBuildPhase section */
		A802296A1988B38400E82E71 /* Frameworks */ = {
			isa = PBXFrameworksBuildPhase;
			buildActionMask = 2147483647;
			files = (
				A80229731988B38400E82E71 /* CoreGraphics.framework in Frameworks */,
				A80229771988B38400E82E71 /* CoreData.framework in Frameworks */,
				A80229751988B38400E82E71 /* UIKit.framework in Frameworks */,
				A80229711988B38400E82E71 /* Foundation.framework in Frameworks */,
			);
			runOnlyForDeploymentPostprocessing = 0;
		};
		A802298A1988B38400E82E71 /* Frameworks */ = {
			isa = PBXFrameworksBuildPhase;
			buildActionMask = 2147483647;
			files = (
				A802298F1988B38400E82E71 /* XCTest.framework in Frameworks */,
				A80229921988B38400E82E71 /* CoreData.framework in Frameworks */,
				A80229911988B38400E82E71 /* UIKit.framework in Frameworks */,
				A80229901988B38400E82E71 /* Foundation.framework in Frameworks */,
			);
			runOnlyForDeploymentPostprocessing = 0;
		};
/* End PBXFrameworksBuildPhase section */

/* Begin PBXGroup section */
		A80229641988B38400E82E71 = {
			isa = PBXGroup;
			children = (
				A80229781988B38400E82E71 /* Core Data Persistence */,
				A80229951988B38400E82E71 /* Core Data PersistenceTests */,
				A802296F1988B38400E82E71 /* Frameworks */,
				A802296E1988B38400E82E71 /* Products */,
			);
			sourceTree = "<group>";
		};
		A802296E1988B38400E82E71 /* Products */ = {
			isa = PBXGroup;
			children = (
				A802296D1988B38400E82E71 /* Core Data Persistence.app */,
				A802298D1988B38400E82E71 /* Core Data PersistenceTests.xctest */,
			);
			name = Products;
			sourceTree = "<group>";
		};
		A802296F1988B38400E82E71 /* Frameworks */ = {
			isa = PBXGroup;
			children = (
				A80229701988B38400E82E71 /* Foundation.framework */,
				A80229721988B38400E82E71 /* CoreGraphics.framework */,
				A80229741988B38400E82E71 /* UIKit.framework */,
				A80229761988B38400E82E71 /* CoreData.framework */,
				A802298E1988B38400E82E71 /* XCTest.framework */,
			);
			name = Frameworks;
			sourceTree = "<group>";
		};
		A80229781988B38400E82E71 /* Core Data Persistence */ = {
			isa = PBXGroup;
			children = (
				A80229811988B38400E82E71 /* BIDAppDelegate.h */,
				A80229821988B38400E82E71 /* BIDAppDelegate.m */,
				A80229A51988B7F600E82E71 /* BIDViewController.h */,
				A80229A61988B7F600E82E71 /* BIDViewController.m */,
				A80229A71988B7F600E82E71 /* BIDViewController.xib */,
				A80229871988B38400E82E71 /* Images.xcassets */,
				A80229841988B38400E82E71 /* Core_Data_Persistence.xcdatamodeld */,
				A80229791988B38400E82E71 /* Supporting Files */,
			);
			path = "Core Data Persistence";
			sourceTree = "<group>";
		};
		A80229791988B38400E82E71 /* Supporting Files */ = {
			isa = PBXGroup;
			children = (
				A802297A1988B38400E82E71 /* Core Data Persistence-Info.plist */,
				A802297B1988B38400E82E71 /* InfoPlist.strings */,
				A802297E1988B38400E82E71 /* main.m */,
				A80229801988B38400E82E71 /* Core Data Persistence-Prefix.pch */,
			);
			name = "Supporting Files";
			sourceTree = "<group>";
		};
		A80229951988B38400E82E71 /* Core Data PersistenceTests */ = {
			isa = PBXGroup;
			children = (
				A802299B1988B38400E82E71 /* Core_Data_PersistenceTests.m */,
				A80229961988B38400E82E71 /* Supporting Files */,
			);
			path = "Core Data PersistenceTests";
			sourceTree = "<group>";
		};
		A80229961988B38400E82E71 /* Supporting Files */ = {
			isa = PBXGroup;
			children = (
				A80229971988B38400E82E71 /* Core Data PersistenceTests-Info.plist */,
				A80229981988B38400E82E71 /* InfoPlist.strings */,
			);
			name = "Supporting Files";
			sourceTree = "<group>";
		};
/* End PBXGroup section */

/* Begin PBXNativeTarget section */
		A802296C1988B38400E82E71 /* Core Data Persistence */ = {
			isa = PBXNativeTarget;
			buildConfigurationList = A802299F1988B38400E82E71 /* Build configuration list for PBXNativeTarget "Core Data Persistence" */;
			buildPhases = (
				A80229691988B38400E82E71 /* Sources */,
				A802296A1988B38400E82E71 /* Frameworks */,
				A802296B1988B38400E82E71 /* Resources */,
			);
			buildRules = (
			);
			dependencies = (
			);
			name = "Core Data Persistence";
			productName = "Core Data Persistence";
			productReference = A802296D1988B38400E82E71 /* Core Data Persistence.app */;
			productType = "com.apple.product-type.application";
		};
		A802298C1988B38400E82E71 /* Core Data PersistenceTests */ = {
			isa = PBXNativeTarget;
			buildConfigurationList = A80229A21988B38400E82E71 /* Build configuration list for PBXNativeTarget "Core Data PersistenceTests" */;
			buildPhases = (
				A80229891988B38400E82E71 /* Sources */,
				A802298A1988B38400E82E71 /* Frameworks */,
				A802298B1988B38400E82E71 /* Resources */,
			);
			buildRules = (
			);
			dependencies = (
				A80229941988B38400E82E71 /* PBXTargetDependency */,
			);
			name = "Core Data PersistenceTests";
			productName = "Core Data PersistenceTests";
			productReference = A802298D1988B38400E82E71 /* Core Data PersistenceTests.xctest */;
			productType = "com.apple.product-type.bundle.unit-test";
		};
/* End PBXNativeTarget section */

/* Begin PBXProject section */
		A80229651988B38400E82E71 /* Project object */ = {
			isa = PBXProject;
			attributes = {
				CLASSPREFIX = BID;
				LastUpgradeCheck = 0510;
				ORGANIZATIONNAME = "___FULLUSERNAME___";
				TargetAttributes = {
					A802298C1988B38400E82E71 = {
						TestTargetID = A802296C1988B38400E82E71;
					};
				};
			};
			buildConfigurationList = A80229681988B38400E82E71 /* Build configuration list for PBXProject "Core Data Persistence" */;
			compatibilityVersion = "Xcode 3.2";
			developmentRegion = English;
			hasScannedForEncodings = 0;
			knownRegions = (
				en,
			);
			mainGroup = A80229641988B38400E82E71;
			productRefGroup = A802296E1988B38400E82E71 /* Products */;
			projectDirPath = "";
			projectRoot = "";
			targets = (
				A802296C1988B38400E82E71 /* Core Data Persistence */,
				A802298C1988B38400E82E71 /* Core Data PersistenceTests */,
			);
		};
/* End PBXProject section */

/* Begin PBXResourcesBuildPhase section */
		A802296B1988B38400E82E71 /* Resources */ = {
			isa = PBXResourcesBuildPhase;
			buildActionMask = 2147483647;
			files = (
				A80229A91988B7F600E82E71 /* BIDViewController.xib in Resources */,
				A802297D1988B38400E82E71 /* InfoPlist.strings in Resources */,
				A80229881988B38400E82E71 /* Images.xcassets in Resources */,
			);
			runOnlyForDeploymentPostprocessing = 0;
		};
		A802298B1988B38400E82E71 /* Resources */ = {
			isa = PBXResourcesBuildPhase;
			buildActionMask = 2147483647;
			files = (
				A802299A1988B38400E82E71 /* InfoPlist.strings in Resources */,
			);
			runOnlyForDeploymentPostprocessing = 0;
		};
/* End PBXResourcesBuildPhase section */

/* Begin PBXSourcesBuildPhase section */
		A80229691988B38400E82E71 /* Sources */ = {
			isa = PBXSourcesBuildPhase;
			buildActionMask = 2147483647;
			files = (
				A80229A81988B7F600E82E71 /* BIDViewController.m in Sources */,
				A80229831988B38400E82E71 /* BIDAppDelegate.m in Sources */,
				A802297F1988B38400E82E71 /* main.m in Sources */,
				A80229861988B38400E82E71 /* Core_Data_Persistence.xcdatamodeld in Sources */,
			);
			runOnlyForDeploymentPostprocessing = 0;
		};
		A80229891988B38400E82E71 /* Sources */ = {
			isa = PBXSourcesBuildPhase;
			buildActionMask = 2147483647;
			files = (
				A802299C1988B38400E82E71 /* Core_Data_PersistenceTests.m in Sources */,
			);
			runOnlyForDeploymentPostprocessing = 0;
		};
/* End PBXSourcesBuildPhase section */

/* Begin PBXTargetDependency section */
		A80229941988B38400E82E71 /* PBXTargetDependency */ = {
			isa = PBXTargetDependency;
			target = A802296C1988B38400E82E71 /* Core Data Persistence */;
			targetProxy = A80229931988B38400E82E71 /* PBXContainerItemProxy */;
		};
/* End PBXTargetDependency section */

/* Begin PBXVariantGroup section */
		A802297B1988B38400E82E71 /* InfoPlist.strings */ = {
			isa = PBXVariantGroup;
			children = (
				A802297C1988B38400E82E71 /* en */,
			);
			name = InfoPlist.strings;
			sourceTree = "<group>";
		};
		A80229981988B38400E82E71 /* InfoPlist.strings */ = {
			isa = PBXVariantGroup;
			children = (
				A80229991988B38400E82E71 /* en */,
			);
			name = InfoPlist.strings;
			sourceTree = "<group>";
		};
/* End PBXVariantGroup section */

/* Begin XCBuildConfiguration section */
		A802299D1988B38400E82E71 /* Debug */ = {
			isa = XCBuildConfiguration;
			buildSettings = {
				ALWAYS_SEARCH_USER_PATHS = NO;
				CLANG_CXX_LANGUAGE_STANDARD = "gnu++0x";
				CLANG_CXX_LIBRARY = "libc++";
				CLANG_ENABLE_MODULES = YES;
				CLANG_ENABLE_OBJC_ARC = YES;
				CLANG_WARN_BOOL_CONVERSION = YES;
				CLANG_WARN_CONSTANT_CONVERSION = YES;
				CLANG_WARN_DIRECT_OBJC_ISA_USAGE = YES_ERROR;
				CLANG_WARN_EMPTY_BODY = YES;
				CLANG_WARN_ENUM_CONVERSION = YES;
				CLANG_WARN_INT_CONVERSION = YES;
				CLANG_WARN_OBJC_ROOT_CLASS = YES_ERROR;
				CLANG_WARN__DUPLICATE_METHOD_MATCH = YES;
				"CODE_SIGN_IDENTITY[sdk=iphoneos*]" = "iPhone Developer";
				COPY_PHASE_STRIP = NO;
				GCC_C_LANGUAGE_STANDARD = gnu99;
				GCC_DYNAMIC_NO_PIC = NO;
				GCC_OPTIMIZATION_LEVEL = 0;
				GCC_PREPROCESSOR_DEFINITIONS = (
					"DEBUG=1",
					"$(inherited)",
				);
				GCC_SYMBOLS_PRIVATE_EXTERN = NO;
				GCC_WARN_64_TO_32_BIT_CONVERSION = YES;
				GCC_WARN_ABOUT_RETURN_TYPE = YES_ERROR;
				GCC_WARN_UNDECLARED_SELECTOR = YES;
				GCC_WARN_UNINITIALIZED_AUTOS = YES_AGGRESSIVE;
				GCC_WARN_UNUSED_FUNCTION = YES;
				GCC_WARN_UNUSED_VARIABLE = YES;
				IPHONEOS_DEPLOYMENT_TARGET = 7.1;
				ONLY_ACTIVE_ARCH = YES;
				SDKROOT = iphoneos;
			};
			name = Debug;
		};
		A802299E1988B38400E82E71 /* Release */ = {
			isa = XCBuildConfiguration;
			buildSettings = {
				ALWAYS_SEARCH_USER_PATHS = NO;
				CLANG_CXX_LANGUAGE_STANDARD = "gnu++0x";
				CLANG_CXX_LIBRARY = "libc++";
				CLANG_ENABLE_MODULES = YES;
				CLANG_ENABLE_OBJC_ARC = YES;
				CLANG_WARN_BOOL_CONVERSION = YES;
				CLANG_WARN_CONSTANT_CONVERSION = YES;
				CLANG_WARN_DIRECT_OBJC_ISA_USAGE = YES_ERROR;
				CLANG_WARN_EMPTY_BODY = YES;
				CLANG_WARN_ENUM_CONVERSION = YES;
				CLANG_WARN_INT_CONVERSION = YES;
				CLANG_WARN_OBJC_ROOT_CLASS = YES_ERROR;
				CLANG_WARN__DUPLICATE_METHOD_MATCH = YES;
				"CODE_SIGN_IDENTITY[sdk=iphoneos*]" = "iPhone Developer";
				COPY_PHASE_STRIP = YES;
				ENABLE_NS_ASSERTIONS = NO;
				GCC_C_LANGUAGE_STANDARD = gnu99;
				GCC_WARN_64_TO_32_BIT_CONVERSION = YES;
				GCC_WARN_ABOUT_RETURN_TYPE = YES_ERROR;
				GCC_WARN_UNDECLARED_SELECTOR = YES;
				GCC_WARN_UNINITIALIZED_AUTOS = YES_AGGRESSIVE;
				GCC_WARN_UNUSED_FUNCTION = YES;
				GCC_WARN_UNUSED_VARIABLE = YES;
				IPHONEOS_DEPLOYMENT_TARGET = 7.1;
				SDKROOT = iphoneos;
				VALIDATE_PRODUCT = YES;
			};
			name = Release;
		};
		A80229A01988B38400E82E71 /* Debug */ = {
			isa = XCBuildConfiguration;
			buildSettings = {
				ASSETCATALOG_COMPILER_APPICON_NAME = AppIcon;
				ASSETCATALOG_COMPILER_LAUNCHIMAGE_NAME = LaunchImage;
				GCC_PRECOMPILE_PREFIX_HEADER = YES;
				GCC_PREFIX_HEADER = "Core Data Persistence/Core Data Persistence-Prefix.pch";
				INFOPLIST_FILE = "Core Data Persistence/Core Data Persistence-Info.plist";
				IPHONEOS_DEPLOYMENT_TARGET = 6.1;
				PRODUCT_NAME = "$(TARGET_NAME)";
				WRAPPER_EXTENSION = app;
			};
			name = Debug;
		};
		A80229A11988B38400E82E71 /* Release */ = {
			isa = XCBuildConfiguration;
			buildSettings = {
				ASSETCATALOG_COMPILER_APPICON_NAME = AppIcon;
				ASSETCATALOG_COMPILER_LAUNCHIMAGE_NAME = LaunchImage;
				GCC_PRECOMPILE_PREFIX_HEADER = YES;
				GCC_PREFIX_HEADER = "Core Data Persistence/Core Data Persistence-Prefix.pch";
				INFOPLIST_FILE = "Core Data Persistence/Core Data Persistence-Info.plist";
				IPHONEOS_DEPLOYMENT_TARGET = 6.1;
				PRODUCT_NAME = "$(TARGET_NAME)";
				WRAPPER_EXTENSION = app;
			};
			name = Release;
		};
		A80229A31988B38400E82E71 /* Debug */ = {
			isa = XCBuildConfiguration;
			buildSettings = {
				BUNDLE_LOADER = "$(BUILT_PRODUCTS_DIR)/Core Data Persistence.app/Core Data Persistence";
				FRAMEWORK_SEARCH_PATHS = (
					"$(SDKROOT)/Developer/Library/Frameworks",
					"$(inherited)",
					"$(DEVELOPER_FRAMEWORKS_DIR)",
				);
				GCC_PRECOMPILE_PREFIX_HEADER = YES;
				GCC_PREFIX_HEADER = "Core Data Persistence/Core Data Persistence-Prefix.pch";
				GCC_PREPROCESSOR_DEFINITIONS = (
					"DEBUG=1",
					"$(inherited)",
				);
				INFOPLIST_FILE = "Core Data PersistenceTests/Core Data PersistenceTests-Info.plist";
				PRODUCT_NAME = "$(TARGET_NAME)";
				TEST_HOST = "$(BUNDLE_LOADER)";
				WRAPPER_EXTENSION = xctest;
			};
			name = Debug;
		};
		A80229A41988B38400E82E71 /* Release */ = {
			isa = XCBuildConfiguration;
			buildSettings = {
				BUNDLE_LOADER = "$(BUILT_PRODUCTS_DIR)/Core Data Persistence.app/Core Data Persistence";
				FRAMEWORK_SEARCH_PATHS = (
					"$(SDKROOT)/Developer/Library/Frameworks",
					"$(inherited)",
					"$(DEVELOPER_FRAMEWORKS_DIR)",
				);
				GCC_PRECOMPILE_PREFIX_HEADER = YES;
				GCC_PREFIX_HEADER = "Core Data Persistence/Core Data Persistence-Prefix.pch";
				INFOPLIST_FILE = "Core Data PersistenceTests/Core Data PersistenceTests-Info.plist";
				PRODUCT_NAME = "$(TARGET_NAME)";
				TEST_HOST = "$(BUNDLE_LOADER)";
				WRAPPER_EXTENSION = xctest;
			};
			name = Release;
		};
/* End XCBuildConfiguration section */

/* Begin XCConfigurationList section */
		A80229681988B38400E82E71 /* Build configuration list for PBXProject "Core Data Persistence" */ = {
			isa = XCConfigurationList;
			buildConfigurations = (
				A802299D1988B38400E82E71 /* Debug */,
				A802299E1988B38400E82E71 /* Release */,
			);
			defaultConfigurationIsVisible = 0;
			defaultConfigurationName = Release;
		};
		A802299F1988B38400E82E71 /* Build configuration list for PBXNativeTarget "Core Data Persistence" */ = {
			isa = XCConfigurationList;
			buildConfigurations = (
				A80229A01988B38400E82E71 /* Debug */,
				A80229A11988B38400E82E71 /* Release */,
			);
			defaultConfigurationIsVisible = 0;
		};
		A80229A21988B38400E82E71 /* Build configuration list for PBXNativeTarget "Core Data PersistenceTests" */ = {
			isa = XCConfigurationList;
			buildConfigurations = (
				A80229A31988B38400E82E71 /* Debug */,
				A80229A41988B38400E82E71 /* Release */,
			);
			defaultConfigurationIsVisible = 0;
		};
/* End XCConfigurationList section */

/* Begin XCVersionGroup section */
		A80229841988B38400E82E71 /* Core_Data_Persistence.xcdatamodeld */ = {
			isa = XCVersionGroup;
			children = (
				A80229851988B38400E82E71 /* Core_Data_Persistence.xcdatamodel */,
			);
			currentVersion = A80229851988B38400E82E71 /* Core_Data_Persistence.xcdatamodel */;
			path = Core_Data_Persistence.xcdatamodeld;
			sourceTree = "<group>";
			versionGroupType = wrapper.xcdatamodel;
		};
/* End XCVersionGroup section */
	};
	rootObject = A80229651988B38400E82E71 /* Project object */;
}
